
Microsoft Visual Studio Solution File, Format Version 12.00
# Visual Studio Version 17
VisualStudioVersion = 17.0.32112.339
MinimumVisualStudioVersion = 10.0.40219.1
Project("{FAE04EC0-301F-11D3-BF4B-00C04F79EFBC}") = "IWantApp", "IWantApp.csproj", "{77631DAA-0CAB-435A-84B9-8E69D40DFACF}"
EndProject
Global
	GlobalSection(SolutionConfigurationPlatforms) = preSolution
		Debug|Any CPU = Debug|Any CPU
		Release|Any CPU = Release|Any CPU
	EndGlobalSection
	GlobalSection(ProjectConfigurationPlatforms) = postSolution
		{77631DAA-0CAB-435A-84B9-8E69D40DFACF}.Debug|Any CPU.ActiveCfg = Debug|Any CPU
		{77631DAA-0CAB-435A-84B9-8E69D40DFACF}.Debug|Any CPU.Build.0 = Debug|Any CPU
		{77631DAA-0CAB-435A-84B9-8E69D40DFACF}.Release|Any CPU.ActiveCfg = Release|Any CPU
		{77631DAA-0CAB-435A-84B9-8E69D40DFACF}.Release|Any CPU.Build.0 = Release|Any CPU
	EndGlobalSection
	GlobalSection(SolutionProperties) = preSolution
		HideSolutionNode = FALSE
	EndGlobalSection
	GlobalSection(ExtensibilityGlobals) = postSolution
		SolutionGuid = {4E08132F-13C9-4F67-9480-0BD30777AF60}
	EndGlobalSection
EndGlobal
